// !$*UTF8*$!
{
	archiveVersion = 1;
	classes = {
	};
	objectVersion = 46;
	objects = {

/* Begin PBXBuildFile section */
		420B0D201D529967009A9829 /* KeyColorPair.swift in Sources */ = {isa = PBXBuildFile; fileRef = 420B0D1F1D529967009A9829 /* KeyColorPair.swift */; };
		420B0D221D52FECA009A9829 /* LabelHelper.swift in Sources */ = {isa = PBXBuildFile; fileRef = 420B0D211D52FECA009A9829 /* LabelHelper.swift */; };
		420B0D241D55C954009A9829 /* Session.swift in Sources */ = {isa = PBXBuildFile; fileRef = 420B0D231D55C954009A9829 /* Session.swift */; };
		423AA33D1D122528009494F1 /* ScaleSelectorStoryboard.storyboard in Resources */ = {isa = PBXBuildFile; fileRef = 423AA33C1D122528009494F1 /* ScaleSelectorStoryboard.storyboard */; };
		423AA33F1D122BB9009494F1 /* ScaleTypePickerViewDelegate.swift in Sources */ = {isa = PBXBuildFile; fileRef = 423AA33E1D122BB9009494F1 /* ScaleTypePickerViewDelegate.swift */; };
		423AA3411D122BCB009494F1 /* ScaleTypePickerViewDataSource.swift in Sources */ = {isa = PBXBuildFile; fileRef = 423AA3401D122BCB009494F1 /* ScaleTypePickerViewDataSource.swift */; };
		423AA3431D122E3E009494F1 /* Scale.swift in Sources */ = {isa = PBXBuildFile; fileRef = 423AA3421D122E3E009494F1 /* Scale.swift */; };
		423CA0231D0F0EBD0005CD4B /* NoteButton.swift in Sources */ = {isa = PBXBuildFile; fileRef = 423CA0221D0F0EBD0005CD4B /* NoteButton.swift */; };
		423CA0251D0F77A80005CD4B /* Note.swift in Sources */ = {isa = PBXBuildFile; fileRef = 423CA0241D0F77A80005CD4B /* Note.swift */; };
		423CA0271D0F780A0005CD4B /* KeyProperties.swift in Sources */ = {isa = PBXBuildFile; fileRef = 423CA0261D0F780A0005CD4B /* KeyProperties.swift */; };
		423CA0291D0F95120005CD4B /* Chord.swift in Sources */ = {isa = PBXBuildFile; fileRef = 423CA0281D0F95120005CD4B /* Chord.swift */; };
		423CA02B1D0F96630005CD4B /* ChordType.swift in Sources */ = {isa = PBXBuildFile; fileRef = 423CA02A1D0F96630005CD4B /* ChordType.swift */; };
		423CA02D1D0F97500005CD4B /* ChordGenerator.swift in Sources */ = {isa = PBXBuildFile; fileRef = 423CA02C1D0F97500005CD4B /* ChordGenerator.swift */; };
		423CA02F1D0F976B0005CD4B /* ScaleGenerator.swift in Sources */ = {isa = PBXBuildFile; fileRef = 423CA02E1D0F976B0005CD4B /* ScaleGenerator.swift */; };
		423CA0311D0F9CEF0005CD4B /* ScaleType.swift in Sources */ = {isa = PBXBuildFile; fileRef = 423CA0301D0F9CEF0005CD4B /* ScaleType.swift */; };
		423CA0331D0FB4A20005CD4B /* ChordSelectorViewController.swift in Sources */ = {isa = PBXBuildFile; fileRef = 423CA0321D0FB4A20005CD4B /* ChordSelectorViewController.swift */; };
		424D950A1D426DFF00ED7364 /* Dimensions.swift in Sources */ = {isa = PBXBuildFile; fileRef = 424D95091D426DFF00ED7364 /* Dimensions.swift */; };
		42710BF21D0FC06800D55ACC /* ChordSelectorStoryboard.storyboard in Resources */ = {isa = PBXBuildFile; fileRef = 42710BF11D0FC06800D55ACC /* ChordSelectorStoryboard.storyboard */; };
		42920C9E1D4E599000CE1AE0 /* SlideMenuViewController.swift in Sources */ = {isa = PBXBuildFile; fileRef = 42920C9D1D4E599000CE1AE0 /* SlideMenuViewController.swift */; };
		42920CA01D4E9C6700CE1AE0 /* SettingsViewController.swift in Sources */ = {isa = PBXBuildFile; fileRef = 42920C9F1D4E9C6700CE1AE0 /* SettingsViewController.swift */; };
		42920CA21D4E9F9600CE1AE0 /* SettingsStoryboard.storyboard in Resources */ = {isa = PBXBuildFile; fileRef = 42920CA11D4E9F9600CE1AE0 /* SettingsStoryboard.storyboard */; };
		42A6CFF91D137D5E007E956C /* ChordIdentifier.swift in Sources */ = {isa = PBXBuildFile; fileRef = 42A6CFF81D137D5E007E956C /* ChordIdentifier.swift */; };
		42A86E661D4F221C00DA49BD /* Preferences.swift in Sources */ = {isa = PBXBuildFile; fileRef = 42A86E651D4F221C00DA49BD /* Preferences.swift */; };
		42B268C61D0E15ED00725499 /* AppDelegate.swift in Sources */ = {isa = PBXBuildFile; fileRef = 42B268C51D0E15ED00725499 /* AppDelegate.swift */; };
		42B268CD1D0E15ED00725499 /* Assets.xcassets in Resources */ = {isa = PBXBuildFile; fileRef = 42B268CC1D0E15ED00725499 /* Assets.xcassets */; };
		42B268D01D0E15ED00725499 /* LaunchScreen.storyboard in Resources */ = {isa = PBXBuildFile; fileRef = 42B268CE1D0E15ED00725499 /* LaunchScreen.storyboard */; };
		42BC42DC1D43BF7E005B0257 /* PianoNavigationViewController.swift in Sources */ = {isa = PBXBuildFile; fileRef = 42BC42DB1D43BF7E005B0257 /* PianoNavigationViewController.swift */; };
		42BC42DE1D43C899005B0257 /* ChordViewController.swift in Sources */ = {isa = PBXBuildFile; fileRef = 42BC42DD1D43C899005B0257 /* ChordViewController.swift */; };
		42BC42E01D43C8C5005B0257 /* ScaleViewController.swift in Sources */ = {isa = PBXBuildFile; fileRef = 42BC42DF1D43C8C5005B0257 /* ScaleViewController.swift */; };
		42BC42E21D43C8DA005B0257 /* IdentifyViewController.swift in Sources */ = {isa = PBXBuildFile; fileRef = 42BC42E11D43C8DA005B0257 /* IdentifyViewController.swift */; };
		42BC42E61D43D64D005B0257 /* PianoView.swift in Sources */ = {isa = PBXBuildFile; fileRef = 42BC42E51D43D64D005B0257 /* PianoView.swift */; };
		42BC42E81D453868005B0257 /* PianoNavigationProtocol.swift in Sources */ = {isa = PBXBuildFile; fileRef = 42BC42E71D453868005B0257 /* PianoNavigationProtocol.swift */; };
		42BC42ED1D457C67005B0257 /* AKPickerView.swift in Sources */ = {isa = PBXBuildFile; fileRef = 42BC42EC1D457C67005B0257 /* AKPickerView.swift */; };
		42BC42EF1D45E38E005B0257 /* ScaleTableViewController.swift in Sources */ = {isa = PBXBuildFile; fileRef = 42BC42EE1D45E38E005B0257 /* ScaleTableViewController.swift */; };
		42BC42F11D45E45E005B0257 /* ScaleTableViewCell.swift in Sources */ = {isa = PBXBuildFile; fileRef = 42BC42F01D45E45E005B0257 /* ScaleTableViewCell.swift */; };
		42BED9401D5AC23E009EBB2F /* WrapperViewController.swift in Sources */ = {isa = PBXBuildFile; fileRef = 42BED93F1D5AC23E009EBB2F /* WrapperViewController.swift */; };
		42BED9421D5BF514009EBB2F /* SlideMenuTableViewCell.swift in Sources */ = {isa = PBXBuildFile; fileRef = 42BED9411D5BF514009EBB2F /* SlideMenuTableViewCell.swift */; };
		42C19D701D3C39E20052D623 /* ChordTableViewCell.swift in Sources */ = {isa = PBXBuildFile; fileRef = 42C19D6F1D3C39E20052D623 /* ChordTableViewCell.swift */; };
		42C19D721D3C44650052D623 /* ChordTableViewController.swift in Sources */ = {isa = PBXBuildFile; fileRef = 42C19D711D3C44650052D623 /* ChordTableViewController.swift */; };
		42CF6B9C1D5EDB9000F6A3E0 /* AudioEngine.swift in Sources */ = {isa = PBXBuildFile; fileRef = 42CF6B9B1D5EDB9000F6A3E0 /* AudioEngine.swift */; };
		42CF6B9E1D6112AC00F6A3E0 /* NoteOctave.swift in Sources */ = {isa = PBXBuildFile; fileRef = 42CF6B9D1D6112AC00F6A3E0 /* NoteOctave.swift */; };
		42CF6BA01D61208800F6A3E0 /* NoteOctaveDetector.swift in Sources */ = {isa = PBXBuildFile; fileRef = 42CF6B9F1D61208800F6A3E0 /* NoteOctaveDetector.swift */; };
		42CF6C261D6298DA00F6A3E0 /* A1.mp3 in Resources */ = {isa = PBXBuildFile; fileRef = 42CF6BEA1D6298DA00F6A3E0 /* A1.mp3 */; };
		42CF6C271D6298DA00F6A3E0 /* A2.mp3 in Resources */ = {isa = PBXBuildFile; fileRef = 42CF6BEB1D6298DA00F6A3E0 /* A2.mp3 */; };
		42CF6C281D6298DA00F6A3E0 /* A3.mp3 in Resources */ = {isa = PBXBuildFile; fileRef = 42CF6BEC1D6298DA00F6A3E0 /* A3.mp3 */; };
		42CF6C291D6298DA00F6A3E0 /* A4.mp3 in Resources */ = {isa = PBXBuildFile; fileRef = 42CF6BED1D6298DA00F6A3E0 /* A4.mp3 */; };
		42CF6C2A1D6298DA00F6A3E0 /* A5.mp3 in Resources */ = {isa = PBXBuildFile; fileRef = 42CF6BEE1D6298DA00F6A3E0 /* A5.mp3 */; };
		42CF6C2B1D6298DA00F6A3E0 /* Ab1.mp3 in Resources */ = {isa = PBXBuildFile; fileRef = 42CF6BEF1D6298DA00F6A3E0 /* Ab1.mp3 */; };
		42CF6C2C1D6298DA00F6A3E0 /* Ab2.mp3 in Resources */ = {isa = PBXBuildFile; fileRef = 42CF6BF01D6298DA00F6A3E0 /* Ab2.mp3 */; };
		42CF6C2D1D6298DA00F6A3E0 /* Ab3.mp3 in Resources */ = {isa = PBXBuildFile; fileRef = 42CF6BF11D6298DA00F6A3E0 /* Ab3.mp3 */; };
		42CF6C2E1D6298DA00F6A3E0 /* Ab4.mp3 in Resources */ = {isa = PBXBuildFile; fileRef = 42CF6BF21D6298DA00F6A3E0 /* Ab4.mp3 */; };
		42CF6C2F1D6298DA00F6A3E0 /* Ab5.mp3 in Resources */ = {isa = PBXBuildFile; fileRef = 42CF6BF31D6298DA00F6A3E0 /* Ab5.mp3 */; };
		42CF6C301D6298DA00F6A3E0 /* B1.mp3 in Resources */ = {isa = PBXBuildFile; fileRef = 42CF6BF41D6298DA00F6A3E0 /* B1.mp3 */; };
		42CF6C311D6298DA00F6A3E0 /* B2.mp3 in Resources */ = {isa = PBXBuildFile; fileRef = 42CF6BF51D6298DA00F6A3E0 /* B2.mp3 */; };
		42CF6C321D6298DA00F6A3E0 /* B3.mp3 in Resources */ = {isa = PBXBuildFile; fileRef = 42CF6BF61D6298DA00F6A3E0 /* B3.mp3 */; };
		42CF6C331D6298DA00F6A3E0 /* B4.mp3 in Resources */ = {isa = PBXBuildFile; fileRef = 42CF6BF71D6298DA00F6A3E0 /* B4.mp3 */; };
		42CF6C341D6298DA00F6A3E0 /* B5.mp3 in Resources */ = {isa = PBXBuildFile; fileRef = 42CF6BF81D6298DA00F6A3E0 /* B5.mp3 */; };
		42CF6C351D6298DA00F6A3E0 /* Bb1.mp3 in Resources */ = {isa = PBXBuildFile; fileRef = 42CF6BF91D6298DA00F6A3E0 /* Bb1.mp3 */; };
		42CF6C361D6298DA00F6A3E0 /* Bb2.mp3 in Resources */ = {isa = PBXBuildFile; fileRef = 42CF6BFA1D6298DA00F6A3E0 /* Bb2.mp3 */; };
		42CF6C371D6298DA00F6A3E0 /* Bb3.mp3 in Resources */ = {isa = PBXBuildFile; fileRef = 42CF6BFB1D6298DA00F6A3E0 /* Bb3.mp3 */; };
		42CF6C381D6298DA00F6A3E0 /* Bb4.mp3 in Resources */ = {isa = PBXBuildFile; fileRef = 42CF6BFC1D6298DA00F6A3E0 /* Bb4.mp3 */; };
		42CF6C391D6298DA00F6A3E0 /* Bb5.mp3 in Resources */ = {isa = PBXBuildFile; fileRef = 42CF6BFD1D6298DA00F6A3E0 /* Bb5.mp3 */; };
		42CF6C3A1D6298DA00F6A3E0 /* C1.mp3 in Resources */ = {isa = PBXBuildFile; fileRef = 42CF6BFE1D6298DA00F6A3E0 /* C1.mp3 */; };
		42CF6C3B1D6298DA00F6A3E0 /* C2.mp3 in Resources */ = {isa = PBXBuildFile; fileRef = 42CF6BFF1D6298DA00F6A3E0 /* C2.mp3 */; };
		42CF6C3C1D6298DA00F6A3E0 /* C3.mp3 in Resources */ = {isa = PBXBuildFile; fileRef = 42CF6C001D6298DA00F6A3E0 /* C3.mp3 */; };
		42CF6C3D1D6298DA00F6A3E0 /* C4.mp3 in Resources */ = {isa = PBXBuildFile; fileRef = 42CF6C011D6298DA00F6A3E0 /* C4.mp3 */; };
		42CF6C3E1D6298DA00F6A3E0 /* C5.mp3 in Resources */ = {isa = PBXBuildFile; fileRef = 42CF6C021D6298DA00F6A3E0 /* C5.mp3 */; };
		42CF6C3F1D6298DA00F6A3E0 /* C6.mp3 in Resources */ = {isa = PBXBuildFile; fileRef = 42CF6C031D6298DA00F6A3E0 /* C6.mp3 */; };
		42CF6C401D6298DA00F6A3E0 /* D1.mp3 in Resources */ = {isa = PBXBuildFile; fileRef = 42CF6C041D6298DA00F6A3E0 /* D1.mp3 */; };
		42CF6C411D6298DA00F6A3E0 /* D2.mp3 in Resources */ = {isa = PBXBuildFile; fileRef = 42CF6C051D6298DA00F6A3E0 /* D2.mp3 */; };
		42CF6C421D6298DA00F6A3E0 /* D3.mp3 in Resources */ = {isa = PBXBuildFile; fileRef = 42CF6C061D6298DA00F6A3E0 /* D3.mp3 */; };
		42CF6C431D6298DA00F6A3E0 /* D4.mp3 in Resources */ = {isa = PBXBuildFile; fileRef = 42CF6C071D6298DA00F6A3E0 /* D4.mp3 */; };
		42CF6C441D6298DA00F6A3E0 /* D5.mp3 in Resources */ = {isa = PBXBuildFile; fileRef = 42CF6C081D6298DA00F6A3E0 /* D5.mp3 */; };
		42CF6C451D6298DA00F6A3E0 /* Db1.mp3 in Resources */ = {isa = PBXBuildFile; fileRef = 42CF6C091D6298DA00F6A3E0 /* Db1.mp3 */; };
		42CF6C461D6298DA00F6A3E0 /* Db2.mp3 in Resources */ = {isa = PBXBuildFile; fileRef = 42CF6C0A1D6298DA00F6A3E0 /* Db2.mp3 */; };
		42CF6C471D6298DA00F6A3E0 /* Db3.mp3 in Resources */ = {isa = PBXBuildFile; fileRef = 42CF6C0B1D6298DA00F6A3E0 /* Db3.mp3 */; };
		42CF6C481D6298DA00F6A3E0 /* Db4.mp3 in Resources */ = {isa = PBXBuildFile; fileRef = 42CF6C0C1D6298DA00F6A3E0 /* Db4.mp3 */; };
		42CF6C491D6298DA00F6A3E0 /* Db5.mp3 in Resources */ = {isa = PBXBuildFile; fileRef = 42CF6C0D1D6298DA00F6A3E0 /* Db5.mp3 */; };
		42CF6C4A1D6298DA00F6A3E0 /* E1.mp3 in Resources */ = {isa = PBXBuildFile; fileRef = 42CF6C0E1D6298DA00F6A3E0 /* E1.mp3 */; };
		42CF6C4B1D6298DA00F6A3E0 /* E2.mp3 in Resources */ = {isa = PBXBuildFile; fileRef = 42CF6C0F1D6298DA00F6A3E0 /* E2.mp3 */; };
		42CF6C4C1D6298DA00F6A3E0 /* E3.mp3 in Resources */ = {isa = PBXBuildFile; fileRef = 42CF6C101D6298DA00F6A3E0 /* E3.mp3 */; };
		42CF6C4D1D6298DA00F6A3E0 /* E4.mp3 in Resources */ = {isa = PBXBuildFile; fileRef = 42CF6C111D6298DA00F6A3E0 /* E4.mp3 */; };
		42CF6C4E1D6298DA00F6A3E0 /* Eb1.mp3 in Resources */ = {isa = PBXBuildFile; fileRef = 42CF6C121D6298DA00F6A3E0 /* Eb1.mp3 */; };
		42CF6C4F1D6298DA00F6A3E0 /* Eb2.mp3 in Resources */ = {isa = PBXBuildFile; fileRef = 42CF6C131D6298DA00F6A3E0 /* Eb2.mp3 */; };
		42CF6C501D6298DA00F6A3E0 /* Eb3.mp3 in Resources */ = {isa = PBXBuildFile; fileRef = 42CF6C141D6298DA00F6A3E0 /* Eb3.mp3 */; };
		42CF6C511D6298DA00F6A3E0 /* Eb4.mp3 in Resources */ = {isa = PBXBuildFile; fileRef = 42CF6C151D6298DA00F6A3E0 /* Eb4.mp3 */; };
		42CF6C521D6298DA00F6A3E0 /* Eb5.mp3 in Resources */ = {isa = PBXBuildFile; fileRef = 42CF6C161D6298DA00F6A3E0 /* Eb5.mp3 */; };
		42CF6C531D6298DA00F6A3E0 /* F#1.mp3 in Resources */ = {isa = PBXBuildFile; fileRef = 42CF6C171D6298DA00F6A3E0 /* F#1.mp3 */; };
		42CF6C541D6298DA00F6A3E0 /* F#2.mp3 in Resources */ = {isa = PBXBuildFile; fileRef = 42CF6C181D6298DA00F6A3E0 /* F#2.mp3 */; };
		42CF6C551D6298DA00F6A3E0 /* F#3.mp3 in Resources */ = {isa = PBXBuildFile; fileRef = 42CF6C191D6298DA00F6A3E0 /* F#3.mp3 */; };
		42CF6C561D6298DA00F6A3E0 /* F#4.mp3 in Resources */ = {isa = PBXBuildFile; fileRef = 42CF6C1A1D6298DA00F6A3E0 /* F#4.mp3 */; };
		42CF6C571D6298DA00F6A3E0 /* F#5.mp3 in Resources */ = {isa = PBXBuildFile; fileRef = 42CF6C1B1D6298DA00F6A3E0 /* F#5.mp3 */; };
		42CF6C581D6298DA00F6A3E0 /* F1.mp3 in Resources */ = {isa = PBXBuildFile; fileRef = 42CF6C1C1D6298DA00F6A3E0 /* F1.mp3 */; };
		42CF6C591D6298DA00F6A3E0 /* F2.mp3 in Resources */ = {isa = PBXBuildFile; fileRef = 42CF6C1D1D6298DA00F6A3E0 /* F2.mp3 */; };
		42CF6C5A1D6298DA00F6A3E0 /* F3.mp3 in Resources */ = {isa = PBXBuildFile; fileRef = 42CF6C1E1D6298DA00F6A3E0 /* F3.mp3 */; };
		42CF6C5B1D6298DA00F6A3E0 /* F4.mp3 in Resources */ = {isa = PBXBuildFile; fileRef = 42CF6C1F1D6298DA00F6A3E0 /* F4.mp3 */; };
		42CF6C5C1D6298DA00F6A3E0 /* F5.mp3 in Resources */ = {isa = PBXBuildFile; fileRef = 42CF6C201D6298DA00F6A3E0 /* F5.mp3 */; };
		42CF6C5D1D6298DA00F6A3E0 /* G1.mp3 in Resources */ = {isa = PBXBuildFile; fileRef = 42CF6C211D6298DA00F6A3E0 /* G1.mp3 */; };
		42CF6C5E1D6298DA00F6A3E0 /* G2.mp3 in Resources */ = {isa = PBXBuildFile; fileRef = 42CF6C221D6298DA00F6A3E0 /* G2.mp3 */; };
		42CF6C5F1D6298DA00F6A3E0 /* G3.mp3 in Resources */ = {isa = PBXBuildFile; fileRef = 42CF6C231D6298DA00F6A3E0 /* G3.mp3 */; };
		42CF6C601D6298DA00F6A3E0 /* G4.mp3 in Resources */ = {isa = PBXBuildFile; fileRef = 42CF6C241D6298DA00F6A3E0 /* G4.mp3 */; };
		42CF6C611D6298DA00F6A3E0 /* G5.mp3 in Resources */ = {isa = PBXBuildFile; fileRef = 42CF6C251D6298DA00F6A3E0 /* G5.mp3 */; };
		42CF6C631D62CE3900F6A3E0 /* AudioEngineProtocol.swift in Sources */ = {isa = PBXBuildFile; fileRef = 42CF6C621D62CE3900F6A3E0 /* AudioEngineProtocol.swift */; };
		42D255C41D6E7704001AEAB7 /* SessionsViewController.swift in Sources */ = {isa = PBXBuildFile; fileRef = 42D255C31D6E7704001AEAB7 /* SessionsViewController.swift */; };
		42E75ACC1D10E61000D9A840 /* Constants.swift in Sources */ = {isa = PBXBuildFile; fileRef = 42E75ACB1D10E61000D9A840 /* Constants.swift */; };
		42E8EA581D204756004757D1 /* Colors.swift in Sources */ = {isa = PBXBuildFile; fileRef = 42E8EA571D204756004757D1 /* Colors.swift */; };
		42E8EA5A1D204A2A004757D1 /* Fonts.swift in Sources */ = {isa = PBXBuildFile; fileRef = 42E8EA591D204A2A004757D1 /* Fonts.swift */; };
		42FB3D861D2B429B008A6C1A /* fontawesome-webfont.ttf in Resources */ = {isa = PBXBuildFile; fileRef = 42FB3D851D2B429B008A6C1A /* fontawesome-webfont.ttf */; };
		B2555EE61D11C12D00E2269C /* ScaleSelectorViewController.swift in Sources */ = {isa = PBXBuildFile; fileRef = B2555EE51D11C12D00E2269C /* ScaleSelectorViewController.swift */; };
		B2555EEA1D11C2BC00E2269C /* ToolbarActionType.swift in Sources */ = {isa = PBXBuildFile; fileRef = B2555EE91D11C2BC00E2269C /* ToolbarActionType.swift */; };
		B28267E71D10965000A9ADE2 /* RootNotePickerViewDelegate.swift in Sources */ = {isa = PBXBuildFile; fileRef = B28267E61D10965000A9ADE2 /* RootNotePickerViewDelegate.swift */; };
		B28267E91D10968000A9ADE2 /* ChordTypePickerViewDelegate.swift in Sources */ = {isa = PBXBuildFile; fileRef = B28267E81D10968000A9ADE2 /* ChordTypePickerViewDelegate.swift */; };
		B28267EB1D10969A00A9ADE2 /* RootNotePickerViewDataSource.swift in Sources */ = {isa = PBXBuildFile; fileRef = B28267EA1D10969A00A9ADE2 /* RootNotePickerViewDataSource.swift */; };
		B28267ED1D1096AA00A9ADE2 /* ChordTypePickerViewDataSource.swift in Sources */ = {isa = PBXBuildFile; fileRef = B28267EC1D1096AA00A9ADE2 /* ChordTypePickerViewDataSource.swift */; };
/* End PBXBuildFile section */

/* Begin PBXFileReference section */
		420B0D1F1D529967009A9829 /* KeyColorPair.swift */ = {isa = PBXFileReference; fileEncoding = 4; lastKnownFileType = sourcecode.swift; path = KeyColorPair.swift; sourceTree = "<group>"; };
		420B0D211D52FECA009A9829 /* LabelHelper.swift */ = {isa = PBXFileReference; fileEncoding = 4; lastKnownFileType = sourcecode.swift; path = LabelHelper.swift; sourceTree = "<group>"; };
		420B0D231D55C954009A9829 /* Session.swift */ = {isa = PBXFileReference; fileEncoding = 4; lastKnownFileType = sourcecode.swift; name = Session.swift; path = ../Session.swift; sourceTree = "<group>"; };
		423AA33C1D122528009494F1 /* ScaleSelectorStoryboard.storyboard */ = {isa = PBXFileReference; fileEncoding = 4; lastKnownFileType = file.storyboard; path = ScaleSelectorStoryboard.storyboard; sourceTree = "<group>"; };
		423AA33E1D122BB9009494F1 /* ScaleTypePickerViewDelegate.swift */ = {isa = PBXFileReference; fileEncoding = 4; lastKnownFileType = sourcecode.swift; path = ScaleTypePickerViewDelegate.swift; sourceTree = "<group>"; };
		423AA3401D122BCB009494F1 /* ScaleTypePickerViewDataSource.swift */ = {isa = PBXFileReference; fileEncoding = 4; lastKnownFileType = sourcecode.swift; path = ScaleTypePickerViewDataSource.swift; sourceTree = "<group>"; };
		423AA3421D122E3E009494F1 /* Scale.swift */ = {isa = PBXFileReference; fileEncoding = 4; lastKnownFileType = sourcecode.swift; path = Scale.swift; sourceTree = "<group>"; };
		423CA0221D0F0EBD0005CD4B /* NoteButton.swift */ = {isa = PBXFileReference; fileEncoding = 4; lastKnownFileType = sourcecode.swift; path = NoteButton.swift; sourceTree = "<group>"; };
		423CA0241D0F77A80005CD4B /* Note.swift */ = {isa = PBXFileReference; fileEncoding = 4; lastKnownFileType = sourcecode.swift; path = Note.swift; sourceTree = "<group>"; };
		423CA0261D0F780A0005CD4B /* KeyProperties.swift */ = {isa = PBXFileReference; fileEncoding = 4; lastKnownFileType = sourcecode.swift; path = KeyProperties.swift; sourceTree = "<group>"; };
		423CA0281D0F95120005CD4B /* Chord.swift */ = {isa = PBXFileReference; fileEncoding = 4; lastKnownFileType = sourcecode.swift; path = Chord.swift; sourceTree = "<group>"; };
		423CA02A1D0F96630005CD4B /* ChordType.swift */ = {isa = PBXFileReference; fileEncoding = 4; lastKnownFileType = sourcecode.swift; path = ChordType.swift; sourceTree = "<group>"; };
		423CA02C1D0F97500005CD4B /* ChordGenerator.swift */ = {isa = PBXFileReference; fileEncoding = 4; lastKnownFileType = sourcecode.swift; path = ChordGenerator.swift; sourceTree = "<group>"; };
		423CA02E1D0F976B0005CD4B /* ScaleGenerator.swift */ = {isa = PBXFileReference; fileEncoding = 4; lastKnownFileType = sourcecode.swift; path = ScaleGenerator.swift; sourceTree = "<group>"; };
		423CA0301D0F9CEF0005CD4B /* ScaleType.swift */ = {isa = PBXFileReference; fileEncoding = 4; lastKnownFileType = sourcecode.swift; path = ScaleType.swift; sourceTree = "<group>"; };
		423CA0321D0FB4A20005CD4B /* ChordSelectorViewController.swift */ = {isa = PBXFileReference; fileEncoding = 4; lastKnownFileType = sourcecode.swift; path = ChordSelectorViewController.swift; sourceTree = "<group>"; };
		424D95091D426DFF00ED7364 /* Dimensions.swift */ = {isa = PBXFileReference; fileEncoding = 4; lastKnownFileType = sourcecode.swift; path = Dimensions.swift; sourceTree = "<group>"; };
		42710BF11D0FC06800D55ACC /* ChordSelectorStoryboard.storyboard */ = {isa = PBXFileReference; fileEncoding = 4; lastKnownFileType = file.storyboard; path = ChordSelectorStoryboard.storyboard; sourceTree = "<group>"; };
		42920C9D1D4E599000CE1AE0 /* SlideMenuViewController.swift */ = {isa = PBXFileReference; fileEncoding = 4; lastKnownFileType = sourcecode.swift; path = SlideMenuViewController.swift; sourceTree = "<group>"; };
		42920C9F1D4E9C6700CE1AE0 /* SettingsViewController.swift */ = {isa = PBXFileReference; fileEncoding = 4; lastKnownFileType = sourcecode.swift; path = SettingsViewController.swift; sourceTree = "<group>"; };
		42920CA11D4E9F9600CE1AE0 /* SettingsStoryboard.storyboard */ = {isa = PBXFileReference; fileEncoding = 4; lastKnownFileType = file.storyboard; path = SettingsStoryboard.storyboard; sourceTree = "<group>"; };
		42A6CFF81D137D5E007E956C /* ChordIdentifier.swift */ = {isa = PBXFileReference; fileEncoding = 4; lastKnownFileType = sourcecode.swift; path = ChordIdentifier.swift; sourceTree = "<group>"; };
		42A86E651D4F221C00DA49BD /* Preferences.swift */ = {isa = PBXFileReference; fileEncoding = 4; lastKnownFileType = sourcecode.swift; name = Preferences.swift; path = pianopal/Preferences.swift; sourceTree = "<group>"; };
		42B268C21D0E15ED00725499 /* pianopal.app */ = {isa = PBXFileReference; explicitFileType = wrapper.application; includeInIndex = 0; path = pianopal.app; sourceTree = BUILT_PRODUCTS_DIR; };
		42B268C51D0E15ED00725499 /* AppDelegate.swift */ = {isa = PBXFileReference; lastKnownFileType = sourcecode.swift; name = AppDelegate.swift; path = pianopal/AppDelegate.swift; sourceTree = SOURCE_ROOT; };
		42B268CC1D0E15ED00725499 /* Assets.xcassets */ = {isa = PBXFileReference; lastKnownFileType = folder.assetcatalog; name = Assets.xcassets; path = pianopal/Assets.xcassets; sourceTree = SOURCE_ROOT; };
		42B268CF1D0E15ED00725499 /* Base */ = {isa = PBXFileReference; lastKnownFileType = file.storyboard; name = Base; path = Base.lproj/LaunchScreen.storyboard; sourceTree = "<group>"; };
		42B268D11D0E15ED00725499 /* Info.plist */ = {isa = PBXFileReference; lastKnownFileType = text.plist.xml; name = Info.plist; path = pianopal/Info.plist; sourceTree = SOURCE_ROOT; };
		42BC42DB1D43BF7E005B0257 /* PianoNavigationViewController.swift */ = {isa = PBXFileReference; fileEncoding = 4; lastKnownFileType = sourcecode.swift; path = PianoNavigationViewController.swift; sourceTree = "<group>"; };
		42BC42DD1D43C899005B0257 /* ChordViewController.swift */ = {isa = PBXFileReference; fileEncoding = 4; lastKnownFileType = sourcecode.swift; path = ChordViewController.swift; sourceTree = "<group>"; };
		42BC42DF1D43C8C5005B0257 /* ScaleViewController.swift */ = {isa = PBXFileReference; fileEncoding = 4; lastKnownFileType = sourcecode.swift; path = ScaleViewController.swift; sourceTree = "<group>"; };
		42BC42E11D43C8DA005B0257 /* IdentifyViewController.swift */ = {isa = PBXFileReference; fileEncoding = 4; lastKnownFileType = sourcecode.swift; path = IdentifyViewController.swift; sourceTree = "<group>"; };
		42BC42E51D43D64D005B0257 /* PianoView.swift */ = {isa = PBXFileReference; fileEncoding = 4; lastKnownFileType = sourcecode.swift; path = PianoView.swift; sourceTree = "<group>"; };
		42BC42E71D453868005B0257 /* PianoNavigationProtocol.swift */ = {isa = PBXFileReference; fileEncoding = 4; lastKnownFileType = sourcecode.swift; path = PianoNavigationProtocol.swift; sourceTree = "<group>"; };
		42BC42EC1D457C67005B0257 /* AKPickerView.swift */ = {isa = PBXFileReference; fileEncoding = 4; lastKnownFileType = sourcecode.swift; path = AKPickerView.swift; sourceTree = "<group>"; };
		42BC42EE1D45E38E005B0257 /* ScaleTableViewController.swift */ = {isa = PBXFileReference; fileEncoding = 4; lastKnownFileType = sourcecode.swift; path = ScaleTableViewController.swift; sourceTree = "<group>"; };
		42BC42F01D45E45E005B0257 /* ScaleTableViewCell.swift */ = {isa = PBXFileReference; fileEncoding = 4; lastKnownFileType = sourcecode.swift; path = ScaleTableViewCell.swift; sourceTree = "<group>"; };
		42BED93F1D5AC23E009EBB2F /* WrapperViewController.swift */ = {isa = PBXFileReference; fileEncoding = 4; lastKnownFileType = sourcecode.swift; path = WrapperViewController.swift; sourceTree = "<group>"; };
		42BED9411D5BF514009EBB2F /* SlideMenuTableViewCell.swift */ = {isa = PBXFileReference; fileEncoding = 4; lastKnownFileType = sourcecode.swift; path = SlideMenuTableViewCell.swift; sourceTree = "<group>"; };
		42C19D6F1D3C39E20052D623 /* ChordTableViewCell.swift */ = {isa = PBXFileReference; fileEncoding = 4; lastKnownFileType = sourcecode.swift; name = ChordTableViewCell.swift; path = pianopal/UI/ChordTableViewCell.swift; sourceTree = SOURCE_ROOT; };
		42C19D711D3C44650052D623 /* ChordTableViewController.swift */ = {isa = PBXFileReference; fileEncoding = 4; lastKnownFileType = sourcecode.swift; path = ChordTableViewController.swift; sourceTree = "<group>"; };
		42CF6B9B1D5EDB9000F6A3E0 /* AudioEngine.swift */ = {isa = PBXFileReference; fileEncoding = 4; lastKnownFileType = sourcecode.swift; path = AudioEngine.swift; sourceTree = "<group>"; };
		42CF6B9D1D6112AC00F6A3E0 /* NoteOctave.swift */ = {isa = PBXFileReference; fileEncoding = 4; lastKnownFileType = sourcecode.swift; path = NoteOctave.swift; sourceTree = "<group>"; };
		42CF6B9F1D61208800F6A3E0 /* NoteOctaveDetector.swift */ = {isa = PBXFileReference; fileEncoding = 4; lastKnownFileType = sourcecode.swift; path = NoteOctaveDetector.swift; sourceTree = "<group>"; };
		42CF6BEA1D6298DA00F6A3E0 /* A1.mp3 */ = {isa = PBXFileReference; lastKnownFileType = audio.mp3; path = A1.mp3; sourceTree = "<group>"; };
		42CF6BEB1D6298DA00F6A3E0 /* A2.mp3 */ = {isa = PBXFileReference; lastKnownFileType = audio.mp3; path = A2.mp3; sourceTree = "<group>"; };
		42CF6BEC1D6298DA00F6A3E0 /* A3.mp3 */ = {isa = PBXFileReference; lastKnownFileType = audio.mp3; path = A3.mp3; sourceTree = "<group>"; };
		42CF6BED1D6298DA00F6A3E0 /* A4.mp3 */ = {isa = PBXFileReference; lastKnownFileType = audio.mp3; path = A4.mp3; sourceTree = "<group>"; };
		42CF6BEE1D6298DA00F6A3E0 /* A5.mp3 */ = {isa = PBXFileReference; lastKnownFileType = audio.mp3; path = A5.mp3; sourceTree = "<group>"; };
		42CF6BEF1D6298DA00F6A3E0 /* Ab1.mp3 */ = {isa = PBXFileReference; lastKnownFileType = audio.mp3; path = Ab1.mp3; sourceTree = "<group>"; };
		42CF6BF01D6298DA00F6A3E0 /* Ab2.mp3 */ = {isa = PBXFileReference; lastKnownFileType = audio.mp3; path = Ab2.mp3; sourceTree = "<group>"; };
		42CF6BF11D6298DA00F6A3E0 /* Ab3.mp3 */ = {isa = PBXFileReference; lastKnownFileType = audio.mp3; path = Ab3.mp3; sourceTree = "<group>"; };
		42CF6BF21D6298DA00F6A3E0 /* Ab4.mp3 */ = {isa = PBXFileReference; lastKnownFileType = audio.mp3; path = Ab4.mp3; sourceTree = "<group>"; };
		42CF6BF31D6298DA00F6A3E0 /* Ab5.mp3 */ = {isa = PBXFileReference; lastKnownFileType = audio.mp3; path = Ab5.mp3; sourceTree = "<group>"; };
		42CF6BF41D6298DA00F6A3E0 /* B1.mp3 */ = {isa = PBXFileReference; lastKnownFileType = audio.mp3; path = B1.mp3; sourceTree = "<group>"; };
		42CF6BF51D6298DA00F6A3E0 /* B2.mp3 */ = {isa = PBXFileReference; lastKnownFileType = audio.mp3; path = B2.mp3; sourceTree = "<group>"; };
		42CF6BF61D6298DA00F6A3E0 /* B3.mp3 */ = {isa = PBXFileReference; lastKnownFileType = audio.mp3; path = B3.mp3; sourceTree = "<group>"; };
		42CF6BF71D6298DA00F6A3E0 /* B4.mp3 */ = {isa = PBXFileReference; lastKnownFileType = audio.mp3; path = B4.mp3; sourceTree = "<group>"; };
		42CF6BF81D6298DA00F6A3E0 /* B5.mp3 */ = {isa = PBXFileReference; lastKnownFileType = audio.mp3; path = B5.mp3; sourceTree = "<group>"; };
		42CF6BF91D6298DA00F6A3E0 /* Bb1.mp3 */ = {isa = PBXFileReference; lastKnownFileType = audio.mp3; path = Bb1.mp3; sourceTree = "<group>"; };
		42CF6BFA1D6298DA00F6A3E0 /* Bb2.mp3 */ = {isa = PBXFileReference; lastKnownFileType = audio.mp3; path = Bb2.mp3; sourceTree = "<group>"; };
		42CF6BFB1D6298DA00F6A3E0 /* Bb3.mp3 */ = {isa = PBXFileReference; lastKnownFileType = audio.mp3; path = Bb3.mp3; sourceTree = "<group>"; };
		42CF6BFC1D6298DA00F6A3E0 /* Bb4.mp3 */ = {isa = PBXFileReference; lastKnownFileType = audio.mp3; path = Bb4.mp3; sourceTree = "<group>"; };
		42CF6BFD1D6298DA00F6A3E0 /* Bb5.mp3 */ = {isa = PBXFileReference; lastKnownFileType = audio.mp3; path = Bb5.mp3; sourceTree = "<group>"; };
		42CF6BFE1D6298DA00F6A3E0 /* C1.mp3 */ = {isa = PBXFileReference; lastKnownFileType = audio.mp3; path = C1.mp3; sourceTree = "<group>"; };
		42CF6BFF1D6298DA00F6A3E0 /* C2.mp3 */ = {isa = PBXFileReference; lastKnownFileType = audio.mp3; path = C2.mp3; sourceTree = "<group>"; };
		42CF6C001D6298DA00F6A3E0 /* C3.mp3 */ = {isa = PBXFileReference; lastKnownFileType = audio.mp3; path = C3.mp3; sourceTree = "<group>"; };
		42CF6C011D6298DA00F6A3E0 /* C4.mp3 */ = {isa = PBXFileReference; lastKnownFileType = audio.mp3; path = C4.mp3; sourceTree = "<group>"; };
		42CF6C021D6298DA00F6A3E0 /* C5.mp3 */ = {isa = PBXFileReference; lastKnownFileType = audio.mp3; path = C5.mp3; sourceTree = "<group>"; };
		42CF6C031D6298DA00F6A3E0 /* C6.mp3 */ = {isa = PBXFileReference; lastKnownFileType = audio.mp3; path = C6.mp3; sourceTree = "<group>"; };
		42CF6C041D6298DA00F6A3E0 /* D1.mp3 */ = {isa = PBXFileReference; lastKnownFileType = audio.mp3; path = D1.mp3; sourceTree = "<group>"; };
		42CF6C051D6298DA00F6A3E0 /* D2.mp3 */ = {isa = PBXFileReference; lastKnownFileType = audio.mp3; path = D2.mp3; sourceTree = "<group>"; };
		42CF6C061D6298DA00F6A3E0 /* D3.mp3 */ = {isa = PBXFileReference; lastKnownFileType = audio.mp3; path = D3.mp3; sourceTree = "<group>"; };
		42CF6C071D6298DA00F6A3E0 /* D4.mp3 */ = {isa = PBXFileReference; lastKnownFileType = audio.mp3; path = D4.mp3; sourceTree = "<group>"; };
		42CF6C081D6298DA00F6A3E0 /* D5.mp3 */ = {isa = PBXFileReference; lastKnownFileType = audio.mp3; path = D5.mp3; sourceTree = "<group>"; };
		42CF6C091D6298DA00F6A3E0 /* Db1.mp3 */ = {isa = PBXFileReference; lastKnownFileType = audio.mp3; path = Db1.mp3; sourceTree = "<group>"; };
		42CF6C0A1D6298DA00F6A3E0 /* Db2.mp3 */ = {isa = PBXFileReference; lastKnownFileType = audio.mp3; path = Db2.mp3; sourceTree = "<group>"; };
		42CF6C0B1D6298DA00F6A3E0 /* Db3.mp3 */ = {isa = PBXFileReference; lastKnownFileType = audio.mp3; path = Db3.mp3; sourceTree = "<group>"; };
		42CF6C0C1D6298DA00F6A3E0 /* Db4.mp3 */ = {isa = PBXFileReference; lastKnownFileType = audio.mp3; path = Db4.mp3; sourceTree = "<group>"; };
		42CF6C0D1D6298DA00F6A3E0 /* Db5.mp3 */ = {isa = PBXFileReference; lastKnownFileType = audio.mp3; path = Db5.mp3; sourceTree = "<group>"; };
		42CF6C0E1D6298DA00F6A3E0 /* E1.mp3 */ = {isa = PBXFileReference; lastKnownFileType = audio.mp3; path = E1.mp3; sourceTree = "<group>"; };
		42CF6C0F1D6298DA00F6A3E0 /* E2.mp3 */ = {isa = PBXFileReference; lastKnownFileType = audio.mp3; path = E2.mp3; sourceTree = "<group>"; };
		42CF6C101D6298DA00F6A3E0 /* E3.mp3 */ = {isa = PBXFileReference; lastKnownFileType = audio.mp3; path = E3.mp3; sourceTree = "<group>"; };
		42CF6C111D6298DA00F6A3E0 /* E4.mp3 */ = {isa = PBXFileReference; lastKnownFileType = audio.mp3; path = E4.mp3; sourceTree = "<group>"; };
		42CF6C121D6298DA00F6A3E0 /* Eb1.mp3 */ = {isa = PBXFileReference; lastKnownFileType = audio.mp3; path = Eb1.mp3; sourceTree = "<group>"; };
		42CF6C131D6298DA00F6A3E0 /* Eb2.mp3 */ = {isa = PBXFileReference; lastKnownFileType = audio.mp3; path = Eb2.mp3; sourceTree = "<group>"; };
		42CF6C141D6298DA00F6A3E0 /* Eb3.mp3 */ = {isa = PBXFileReference; lastKnownFileType = audio.mp3; path = Eb3.mp3; sourceTree = "<group>"; };
		42CF6C151D6298DA00F6A3E0 /* Eb4.mp3 */ = {isa = PBXFileReference; lastKnownFileType = audio.mp3; path = Eb4.mp3; sourceTree = "<group>"; };
		42CF6C161D6298DA00F6A3E0 /* Eb5.mp3 */ = {isa = PBXFileReference; lastKnownFileType = audio.mp3; path = Eb5.mp3; sourceTree = "<group>"; };
		42CF6C171D6298DA00F6A3E0 /* F#1.mp3 */ = {isa = PBXFileReference; lastKnownFileType = audio.mp3; path = "F#1.mp3"; sourceTree = "<group>"; };
		42CF6C181D6298DA00F6A3E0 /* F#2.mp3 */ = {isa = PBXFileReference; lastKnownFileType = audio.mp3; path = "F#2.mp3"; sourceTree = "<group>"; };
		42CF6C191D6298DA00F6A3E0 /* F#3.mp3 */ = {isa = PBXFileReference; lastKnownFileType = audio.mp3; path = "F#3.mp3"; sourceTree = "<group>"; };
		42CF6C1A1D6298DA00F6A3E0 /* F#4.mp3 */ = {isa = PBXFileReference; lastKnownFileType = audio.mp3; path = "F#4.mp3"; sourceTree = "<group>"; };
		42CF6C1B1D6298DA00F6A3E0 /* F#5.mp3 */ = {isa = PBXFileReference; lastKnownFileType = audio.mp3; path = "F#5.mp3"; sourceTree = "<group>"; };
		42CF6C1C1D6298DA00F6A3E0 /* F1.mp3 */ = {isa = PBXFileReference; lastKnownFileType = audio.mp3; path = F1.mp3; sourceTree = "<group>"; };
		42CF6C1D1D6298DA00F6A3E0 /* F2.mp3 */ = {isa = PBXFileReference; lastKnownFileType = audio.mp3; path = F2.mp3; sourceTree = "<group>"; };
		42CF6C1E1D6298DA00F6A3E0 /* F3.mp3 */ = {isa = PBXFileReference; lastKnownFileType = audio.mp3; path = F3.mp3; sourceTree = "<group>"; };
		42CF6C1F1D6298DA00F6A3E0 /* F4.mp3 */ = {isa = PBXFileReference; lastKnownFileType = audio.mp3; path = F4.mp3; sourceTree = "<group>"; };
		42CF6C201D6298DA00F6A3E0 /* F5.mp3 */ = {isa = PBXFileReference; lastKnownFileType = audio.mp3; path = F5.mp3; sourceTree = "<group>"; };
		42CF6C211D6298DA00F6A3E0 /* G1.mp3 */ = {isa = PBXFileReference; lastKnownFileType = audio.mp3; path = G1.mp3; sourceTree = "<group>"; };
		42CF6C221D6298DA00F6A3E0 /* G2.mp3 */ = {isa = PBXFileReference; lastKnownFileType = audio.mp3; path = G2.mp3; sourceTree = "<group>"; };
		42CF6C231D6298DA00F6A3E0 /* G3.mp3 */ = {isa = PBXFileReference; lastKnownFileType = audio.mp3; path = G3.mp3; sourceTree = "<group>"; };
		42CF6C241D6298DA00F6A3E0 /* G4.mp3 */ = {isa = PBXFileReference; lastKnownFileType = audio.mp3; path = G4.mp3; sourceTree = "<group>"; };
		42CF6C251D6298DA00F6A3E0 /* G5.mp3 */ = {isa = PBXFileReference; lastKnownFileType = audio.mp3; path = G5.mp3; sourceTree = "<group>"; };
		42CF6C621D62CE3900F6A3E0 /* AudioEngineProtocol.swift */ = {isa = PBXFileReference; fileEncoding = 4; lastKnownFileType = sourcecode.swift; path = AudioEngineProtocol.swift; sourceTree = "<group>"; };
		42D255C31D6E7704001AEAB7 /* SessionsViewController.swift */ = {isa = PBXFileReference; fileEncoding = 4; lastKnownFileType = sourcecode.swift; path = SessionsViewController.swift; sourceTree = "<group>"; };
		42E75ACB1D10E61000D9A840 /* Constants.swift */ = {isa = PBXFileReference; fileEncoding = 4; lastKnownFileType = sourcecode.swift; path = Constants.swift; sourceTree = "<group>"; };
		42E8EA571D204756004757D1 /* Colors.swift */ = {isa = PBXFileReference; fileEncoding = 4; lastKnownFileType = sourcecode.swift; path = Colors.swift; sourceTree = "<group>"; };
		42E8EA591D204A2A004757D1 /* Fonts.swift */ = {isa = PBXFileReference; fileEncoding = 4; lastKnownFileType = sourcecode.swift; path = Fonts.swift; sourceTree = "<group>"; };
		42FB3D851D2B429B008A6C1A /* fontawesome-webfont.ttf */ = {isa = PBXFileReference; lastKnownFileType = file; name = "fontawesome-webfont.ttf"; path = "pianopal/fontawesome-webfont.ttf"; sourceTree = SOURCE_ROOT; };
		B2555EE51D11C12D00E2269C /* ScaleSelectorViewController.swift */ = {isa = PBXFileReference; fileEncoding = 4; lastKnownFileType = sourcecode.swift; path = ScaleSelectorViewController.swift; sourceTree = "<group>"; };
		B2555EE91D11C2BC00E2269C /* ToolbarActionType.swift */ = {isa = PBXFileReference; fileEncoding = 4; lastKnownFileType = sourcecode.swift; path = ToolbarActionType.swift; sourceTree = "<group>"; };
		B28267E61D10965000A9ADE2 /* RootNotePickerViewDelegate.swift */ = {isa = PBXFileReference; fileEncoding = 4; lastKnownFileType = sourcecode.swift; path = RootNotePickerViewDelegate.swift; sourceTree = "<group>"; };
		B28267E81D10968000A9ADE2 /* ChordTypePickerViewDelegate.swift */ = {isa = PBXFileReference; fileEncoding = 4; lastKnownFileType = sourcecode.swift; path = ChordTypePickerViewDelegate.swift; sourceTree = "<group>"; };
		B28267EA1D10969A00A9ADE2 /* RootNotePickerViewDataSource.swift */ = {isa = PBXFileReference; fileEncoding = 4; lastKnownFileType = sourcecode.swift; path = RootNotePickerViewDataSource.swift; sourceTree = "<group>"; };
		B28267EC1D1096AA00A9ADE2 /* ChordTypePickerViewDataSource.swift */ = {isa = PBXFileReference; fileEncoding = 4; lastKnownFileType = sourcecode.swift; path = ChordTypePickerViewDataSource.swift; sourceTree = "<group>"; };
/* End PBXFileReference section */

/* Begin PBXFrameworksBuildPhase section */
		42B268BF1D0E15ED00725499 /* Frameworks */ = {
			isa = PBXFrameworksBuildPhase;
			buildActionMask = 2147483647;
			files = (
			);
			runOnlyForDeploymentPostprocessing = 0;
		};
/* End PBXFrameworksBuildPhase section */

/* Begin PBXGroup section */
		42B268B91D0E15ED00725499 = {
			isa = PBXGroup;
			children = (
				42CF6BA31D61425500F6A3E0 /* audio */,
				42A86E651D4F221C00DA49BD /* Preferences.swift */,
				42B268C41D0E15ED00725499 /* pianopal */,
				42B268C31D0E15ED00725499 /* Products */,
			);
			sourceTree = "<group>";
		};
		42B268C31D0E15ED00725499 /* Products */ = {
			isa = PBXGroup;
			children = (
				42B268C21D0E15ED00725499 /* pianopal.app */,
			);
			name = Products;
			sourceTree = "<group>";
		};
		42B268C41D0E15ED00725499 /* pianopal */ = {
			isa = PBXGroup;
			children = (
				42FB3D851D2B429B008A6C1A /* fontawesome-webfont.ttf */,
				42B268CE1D0E15ED00725499 /* LaunchScreen.storyboard */,
				42E8EA601D204FE1004757D1 /* UI */,
				42E8EA5F1D204F21004757D1 /* Helpers */,
				42E8EA5E1D204E63004757D1 /* Models */,
				42E8EA5D1D204E03004757D1 /* Storyboards */,
				42E8EA5C1D204DE3004757D1 /* Constants */,
				42E8EA5B1D204CEF004757D1 /* ViewControllers */,
				42B268C51D0E15ED00725499 /* AppDelegate.swift */,
				42B268CC1D0E15ED00725499 /* Assets.xcassets */,
				42B268D11D0E15ED00725499 /* Info.plist */,
			);
			path = pianopal;
			sourceTree = "<group>";
		};
		42CF6BA31D61425500F6A3E0 /* audio */ = {
			isa = PBXGroup;
			children = (
				42CF6BEA1D6298DA00F6A3E0 /* A1.mp3 */,
				42CF6BEB1D6298DA00F6A3E0 /* A2.mp3 */,
				42CF6BEC1D6298DA00F6A3E0 /* A3.mp3 */,
				42CF6BED1D6298DA00F6A3E0 /* A4.mp3 */,
				42CF6BEE1D6298DA00F6A3E0 /* A5.mp3 */,
				42CF6BEF1D6298DA00F6A3E0 /* Ab1.mp3 */,
				42CF6BF01D6298DA00F6A3E0 /* Ab2.mp3 */,
				42CF6BF11D6298DA00F6A3E0 /* Ab3.mp3 */,
				42CF6BF21D6298DA00F6A3E0 /* Ab4.mp3 */,
				42CF6BF31D6298DA00F6A3E0 /* Ab5.mp3 */,
				42CF6BF41D6298DA00F6A3E0 /* B1.mp3 */,
				42CF6BF51D6298DA00F6A3E0 /* B2.mp3 */,
				42CF6BF61D6298DA00F6A3E0 /* B3.mp3 */,
				42CF6BF71D6298DA00F6A3E0 /* B4.mp3 */,
				42CF6BF81D6298DA00F6A3E0 /* B5.mp3 */,
				42CF6BF91D6298DA00F6A3E0 /* Bb1.mp3 */,
				42CF6BFA1D6298DA00F6A3E0 /* Bb2.mp3 */,
				42CF6BFB1D6298DA00F6A3E0 /* Bb3.mp3 */,
				42CF6BFC1D6298DA00F6A3E0 /* Bb4.mp3 */,
				42CF6BFD1D6298DA00F6A3E0 /* Bb5.mp3 */,
				42CF6BFE1D6298DA00F6A3E0 /* C1.mp3 */,
				42CF6BFF1D6298DA00F6A3E0 /* C2.mp3 */,
				42CF6C001D6298DA00F6A3E0 /* C3.mp3 */,
				42CF6C011D6298DA00F6A3E0 /* C4.mp3 */,
				42CF6C021D6298DA00F6A3E0 /* C5.mp3 */,
				42CF6C031D6298DA00F6A3E0 /* C6.mp3 */,
				42CF6C041D6298DA00F6A3E0 /* D1.mp3 */,
				42CF6C051D6298DA00F6A3E0 /* D2.mp3 */,
				42CF6C061D6298DA00F6A3E0 /* D3.mp3 */,
				42CF6C071D6298DA00F6A3E0 /* D4.mp3 */,
				42CF6C081D6298DA00F6A3E0 /* D5.mp3 */,
				42CF6C091D6298DA00F6A3E0 /* Db1.mp3 */,
				42CF6C0A1D6298DA00F6A3E0 /* Db2.mp3 */,
				42CF6C0B1D6298DA00F6A3E0 /* Db3.mp3 */,
				42CF6C0C1D6298DA00F6A3E0 /* Db4.mp3 */,
				42CF6C0D1D6298DA00F6A3E0 /* Db5.mp3 */,
				42CF6C0E1D6298DA00F6A3E0 /* E1.mp3 */,
				42CF6C0F1D6298DA00F6A3E0 /* E2.mp3 */,
				42CF6C101D6298DA00F6A3E0 /* E3.mp3 */,
				42CF6C111D6298DA00F6A3E0 /* E4.mp3 */,
				42CF6C121D6298DA00F6A3E0 /* Eb1.mp3 */,
				42CF6C131D6298DA00F6A3E0 /* Eb2.mp3 */,
				42CF6C141D6298DA00F6A3E0 /* Eb3.mp3 */,
				42CF6C151D6298DA00F6A3E0 /* Eb4.mp3 */,
				42CF6C161D6298DA00F6A3E0 /* Eb5.mp3 */,
				42CF6C171D6298DA00F6A3E0 /* F#1.mp3 */,
				42CF6C181D6298DA00F6A3E0 /* F#2.mp3 */,
				42CF6C191D6298DA00F6A3E0 /* F#3.mp3 */,
				42CF6C1A1D6298DA00F6A3E0 /* F#4.mp3 */,
				42CF6C1B1D6298DA00F6A3E0 /* F#5.mp3 */,
				42CF6C1C1D6298DA00F6A3E0 /* F1.mp3 */,
				42CF6C1D1D6298DA00F6A3E0 /* F2.mp3 */,
				42CF6C1E1D6298DA00F6A3E0 /* F3.mp3 */,
				42CF6C1F1D6298DA00F6A3E0 /* F4.mp3 */,
				42CF6C201D6298DA00F6A3E0 /* F5.mp3 */,
				42CF6C211D6298DA00F6A3E0 /* G1.mp3 */,
				42CF6C221D6298DA00F6A3E0 /* G2.mp3 */,
				42CF6C231D6298DA00F6A3E0 /* G3.mp3 */,
				42CF6C241D6298DA00F6A3E0 /* G4.mp3 */,
				42CF6C251D6298DA00F6A3E0 /* G5.mp3 */,
			);
			path = audio;
			sourceTree = SOURCE_ROOT;
		};
		42E8EA5B1D204CEF004757D1 /* ViewControllers */ = {
			isa = PBXGroup;
			children = (
				42BC42DB1D43BF7E005B0257 /* PianoNavigationViewController.swift */,
				42BC42DD1D43C899005B0257 /* ChordViewController.swift */,
				42BC42DF1D43C8C5005B0257 /* ScaleViewController.swift */,
				42BC42E11D43C8DA005B0257 /* IdentifyViewController.swift */,
				42C19D711D3C44650052D623 /* ChordTableViewController.swift */,
				423CA0321D0FB4A20005CD4B /* ChordSelectorViewController.swift */,
				42BC42E71D453868005B0257 /* PianoNavigationProtocol.swift */,
				42BC42EE1D45E38E005B0257 /* ScaleTableViewController.swift */,
				B2555EE51D11C12D00E2269C /* ScaleSelectorViewController.swift */,
				42920C9D1D4E599000CE1AE0 /* SlideMenuViewController.swift */,
				42920C9F1D4E9C6700CE1AE0 /* SettingsViewController.swift */,
				42BED93F1D5AC23E009EBB2F /* WrapperViewController.swift */,
				42CF6C621D62CE3900F6A3E0 /* AudioEngineProtocol.swift */,
				42D255C31D6E7704001AEAB7 /* SessionsViewController.swift */,
			);
			name = ViewControllers;
			path = pianopal/ViewControllers;
			sourceTree = SOURCE_ROOT;
		};
		42E8EA5C1D204DE3004757D1 /* Constants */ = {
			isa = PBXGroup;
			children = (
				42E75ACB1D10E61000D9A840 /* Constants.swift */,
				42E8EA571D204756004757D1 /* Colors.swift */,
				42E8EA591D204A2A004757D1 /* Fonts.swift */,
				423CA0261D0F780A0005CD4B /* KeyProperties.swift */,
				424D95091D426DFF00ED7364 /* Dimensions.swift */,
			);
			name = Constants;
			path = pianopal/Constants;
			sourceTree = SOURCE_ROOT;
		};
		42E8EA5D1D204E03004757D1 /* Storyboards */ = {
			isa = PBXGroup;
			children = (
				42710BF11D0FC06800D55ACC /* ChordSelectorStoryboard.storyboard */,
				423AA33C1D122528009494F1 /* ScaleSelectorStoryboard.storyboard */,
				42920CA11D4E9F9600CE1AE0 /* SettingsStoryboard.storyboard */,
			);
			name = Storyboards;
			path = pianopal/Storyboards;
			sourceTree = SOURCE_ROOT;
		};
		42E8EA5E1D204E63004757D1 /* Models */ = {
			isa = PBXGroup;
			children = (
				B2555EE91D11C2BC00E2269C /* ToolbarActionType.swift */,
				423CA0241D0F77A80005CD4B /* Note.swift */,
				423CA0281D0F95120005CD4B /* Chord.swift */,
				423CA02A1D0F96630005CD4B /* ChordType.swift */,
				423CA0301D0F9CEF0005CD4B /* ScaleType.swift */,
				423AA3421D122E3E009494F1 /* Scale.swift */,
				420B0D1F1D529967009A9829 /* KeyColorPair.swift */,
				42CF6B9B1D5EDB9000F6A3E0 /* AudioEngine.swift */,
				42CF6B9D1D6112AC00F6A3E0 /* NoteOctave.swift */,
			);
			name = Models;
			path = pianopal/Models;
			sourceTree = SOURCE_ROOT;
		};
		42E8EA5F1D204F21004757D1 /* Helpers */ = {
			isa = PBXGroup;
			children = (
				420B0D231D55C954009A9829 /* Session.swift */,
				423CA02C1D0F97500005CD4B /* ChordGenerator.swift */,
				423CA02E1D0F976B0005CD4B /* ScaleGenerator.swift */,
				42A6CFF81D137D5E007E956C /* ChordIdentifier.swift */,
				420B0D211D52FECA009A9829 /* LabelHelper.swift */,
				42CF6B9F1D61208800F6A3E0 /* NoteOctaveDetector.swift */,
			);
			name = Helpers;
			path = pianopal/Helpers;
			sourceTree = SOURCE_ROOT;
		};
		42E8EA601D204FE1004757D1 /* UI */ = {
			isa = PBXGroup;
			children = (
				42BC42EC1D457C67005B0257 /* AKPickerView.swift */,
				42C19D6F1D3C39E20052D623 /* ChordTableViewCell.swift */,
				423CA0221D0F0EBD0005CD4B /* NoteButton.swift */,
				B28267E61D10965000A9ADE2 /* RootNotePickerViewDelegate.swift */,
				B28267E81D10968000A9ADE2 /* ChordTypePickerViewDelegate.swift */,
				B28267EA1D10969A00A9ADE2 /* RootNotePickerViewDataSource.swift */,
				B28267EC1D1096AA00A9ADE2 /* ChordTypePickerViewDataSource.swift */,
				423AA33E1D122BB9009494F1 /* ScaleTypePickerViewDelegate.swift */,
				423AA3401D122BCB009494F1 /* ScaleTypePickerViewDataSource.swift */,
				42BC42E51D43D64D005B0257 /* PianoView.swift */,
				42BC42F01D45E45E005B0257 /* ScaleTableViewCell.swift */,
				42BED9411D5BF514009EBB2F /* SlideMenuTableViewCell.swift */,
			);
			name = UI;
			path = pianopal/UI;
			sourceTree = SOURCE_ROOT;
		};
/* End PBXGroup section */

/* Begin PBXNativeTarget section */
		42B268C11D0E15ED00725499 /* pianopal */ = {
			isa = PBXNativeTarget;
			buildConfigurationList = 42B268EA1D0E15ED00725499 /* Build configuration list for PBXNativeTarget "pianopal" */;
			buildPhases = (
				42B268BE1D0E15ED00725499 /* Sources */,
				42B268BF1D0E15ED00725499 /* Frameworks */,
				42B268C01D0E15ED00725499 /* Resources */,
			);
			buildRules = (
			);
			dependencies = (
			);
			name = pianopal;
			productName = pianopal;
			productReference = 42B268C21D0E15ED00725499 /* pianopal.app */;
			productType = "com.apple.product-type.application";
		};
/* End PBXNativeTarget section */

/* Begin PBXProject section */
		42B268BA1D0E15ED00725499 /* Project object */ = {
			isa = PBXProject;
			attributes = {
				LastSwiftUpdateCheck = 0730;
				LastUpgradeCheck = 0800;
				ORGANIZATIONNAME = "Joshua Escribano";
				TargetAttributes = {
					42B268C11D0E15ED00725499 = {
						CreatedOnToolsVersion = 7.3.1;
						LastSwiftMigration = 0800;
					};
				};
			};
			buildConfigurationList = 42B268BD1D0E15ED00725499 /* Build configuration list for PBXProject "pianopal" */;
			compatibilityVersion = "Xcode 3.2";
			developmentRegion = English;
			hasScannedForEncodings = 0;
			knownRegions = (
				en,
				Base,
			);
			mainGroup = 42B268B91D0E15ED00725499;
			productRefGroup = 42B268C31D0E15ED00725499 /* Products */;
			projectDirPath = "";
			projectRoot = "";
			targets = (
				42B268C11D0E15ED00725499 /* pianopal */,
			);
		};
/* End PBXProject section */

/* Begin PBXResourcesBuildPhase section */
		42B268C01D0E15ED00725499 /* Resources */ = {
			isa = PBXResourcesBuildPhase;
			buildActionMask = 2147483647;
			files = (
				42CF6C601D6298DA00F6A3E0 /* G4.mp3 in Resources */,
				42CF6C521D6298DA00F6A3E0 /* Eb5.mp3 in Resources */,
				42CF6C301D6298DA00F6A3E0 /* B1.mp3 in Resources */,
				42CF6C5A1D6298DA00F6A3E0 /* F3.mp3 in Resources */,
				42CF6C5C1D6298DA00F6A3E0 /* F5.mp3 in Resources */,
				42CF6C4D1D6298DA00F6A3E0 /* E4.mp3 in Resources */,
				42CF6C571D6298DA00F6A3E0 /* F#5.mp3 in Resources */,
				42CF6C441D6298DA00F6A3E0 /* D5.mp3 in Resources */,
				42CF6C261D6298DA00F6A3E0 /* A1.mp3 in Resources */,
				42CF6C5D1D6298DA00F6A3E0 /* G1.mp3 in Resources */,
				42CF6C4B1D6298DA00F6A3E0 /* E2.mp3 in Resources */,
				42CF6C2C1D6298DA00F6A3E0 /* Ab2.mp3 in Resources */,
				42CF6C321D6298DA00F6A3E0 /* B3.mp3 in Resources */,
				42CF6C5B1D6298DA00F6A3E0 /* F4.mp3 in Resources */,
				42CF6C391D6298DA00F6A3E0 /* Bb5.mp3 in Resources */,
				42CF6C421D6298DA00F6A3E0 /* D3.mp3 in Resources */,
				42920CA21D4E9F9600CE1AE0 /* SettingsStoryboard.storyboard in Resources */,
				42CF6C2E1D6298DA00F6A3E0 /* Ab4.mp3 in Resources */,
				42CF6C4C1D6298DA00F6A3E0 /* E3.mp3 in Resources */,
				42CF6C591D6298DA00F6A3E0 /* F2.mp3 in Resources */,
				42CF6C5E1D6298DA00F6A3E0 /* G2.mp3 in Resources */,
				42CF6C511D6298DA00F6A3E0 /* Eb4.mp3 in Resources */,
				42B268D01D0E15ED00725499 /* LaunchScreen.storyboard in Resources */,
				42CF6C281D6298DA00F6A3E0 /* A3.mp3 in Resources */,
				42CF6C3B1D6298DA00F6A3E0 /* C2.mp3 in Resources */,
				42CF6C3E1D6298DA00F6A3E0 /* C5.mp3 in Resources */,
				42CF6C481D6298DA00F6A3E0 /* Db4.mp3 in Resources */,
				42CF6C351D6298DA00F6A3E0 /* Bb1.mp3 in Resources */,
				42CF6C341D6298DA00F6A3E0 /* B5.mp3 in Resources */,
				42CF6C581D6298DA00F6A3E0 /* F1.mp3 in Resources */,
				42B268CD1D0E15ED00725499 /* Assets.xcassets in Resources */,
				42CF6C311D6298DA00F6A3E0 /* B2.mp3 in Resources */,
				42CF6C491D6298DA00F6A3E0 /* Db5.mp3 in Resources */,
				42CF6C3A1D6298DA00F6A3E0 /* C1.mp3 in Resources */,
				42CF6C371D6298DA00F6A3E0 /* Bb3.mp3 in Resources */,
				42CF6C361D6298DA00F6A3E0 /* Bb2.mp3 in Resources */,
				42CF6C331D6298DA00F6A3E0 /* B4.mp3 in Resources */,
				42CF6C291D6298DA00F6A3E0 /* A4.mp3 in Resources */,
				42CF6C471D6298DA00F6A3E0 /* Db3.mp3 in Resources */,
				42FB3D861D2B429B008A6C1A /* fontawesome-webfont.ttf in Resources */,
				42710BF21D0FC06800D55ACC /* ChordSelectorStoryboard.storyboard in Resources */,
				42CF6C501D6298DA00F6A3E0 /* Eb3.mp3 in Resources */,
				42CF6C4F1D6298DA00F6A3E0 /* Eb2.mp3 in Resources */,
				42CF6C561D6298DA00F6A3E0 /* F#4.mp3 in Resources */,
				42CF6C461D6298DA00F6A3E0 /* Db2.mp3 in Resources */,
				42CF6C451D6298DA00F6A3E0 /* Db1.mp3 in Resources */,
				423AA33D1D122528009494F1 /* ScaleSelectorStoryboard.storyboard in Resources */,
				42CF6C541D6298DA00F6A3E0 /* F#2.mp3 in Resources */,
				42CF6C2B1D6298DA00F6A3E0 /* Ab1.mp3 in Resources */,
				42CF6C551D6298DA00F6A3E0 /* F#3.mp3 in Resources */,
				42CF6C3C1D6298DA00F6A3E0 /* C3.mp3 in Resources */,
				42CF6C4A1D6298DA00F6A3E0 /* E1.mp3 in Resources */,
				42CF6C2D1D6298DA00F6A3E0 /* Ab3.mp3 in Resources */,
				42CF6C3D1D6298DA00F6A3E0 /* C4.mp3 in Resources */,
				42CF6C2F1D6298DA00F6A3E0 /* Ab5.mp3 in Resources */,
				42CF6C531D6298DA00F6A3E0 /* F#1.mp3 in Resources */,
				42CF6C2A1D6298DA00F6A3E0 /* A5.mp3 in Resources */,
				42CF6C401D6298DA00F6A3E0 /* D1.mp3 in Resources */,
				42CF6C611D6298DA00F6A3E0 /* G5.mp3 in Resources */,
				42CF6C4E1D6298DA00F6A3E0 /* Eb1.mp3 in Resources */,
				42CF6C3F1D6298DA00F6A3E0 /* C6.mp3 in Resources */,
				42CF6C431D6298DA00F6A3E0 /* D4.mp3 in Resources */,
				42CF6C271D6298DA00F6A3E0 /* A2.mp3 in Resources */,
				42CF6C411D6298DA00F6A3E0 /* D2.mp3 in Resources */,
				42CF6C5F1D6298DA00F6A3E0 /* G3.mp3 in Resources */,
				42CF6C381D6298DA00F6A3E0 /* Bb4.mp3 in Resources */,
			);
			runOnlyForDeploymentPostprocessing = 0;
		};
/* End PBXResourcesBuildPhase section */

/* Begin PBXSourcesBuildPhase section */
		42B268BE1D0E15ED00725499 /* Sources */ = {
			isa = PBXSourcesBuildPhase;
			buildActionMask = 2147483647;
			files = (
				423CA0291D0F95120005CD4B /* Chord.swift in Sources */,
				420B0D201D529967009A9829 /* KeyColorPair.swift in Sources */,
				423CA02B1D0F96630005CD4B /* ChordType.swift in Sources */,
				B2555EE61D11C12D00E2269C /* ScaleSelectorViewController.swift in Sources */,
				420B0D221D52FECA009A9829 /* LabelHelper.swift in Sources */,
				423AA3431D122E3E009494F1 /* Scale.swift in Sources */,
				423CA0231D0F0EBD0005CD4B /* NoteButton.swift in Sources */,
				B2555EEA1D11C2BC00E2269C /* ToolbarActionType.swift in Sources */,
				42BC42DC1D43BF7E005B0257 /* PianoNavigationViewController.swift in Sources */,
				423CA0311D0F9CEF0005CD4B /* ScaleType.swift in Sources */,
				423AA33F1D122BB9009494F1 /* ScaleTypePickerViewDelegate.swift in Sources */,
				42BC42F11D45E45E005B0257 /* ScaleTableViewCell.swift in Sources */,
				42A86E661D4F221C00DA49BD /* Preferences.swift in Sources */,
				42D255C41D6E7704001AEAB7 /* SessionsViewController.swift in Sources */,
				42BC42DE1D43C899005B0257 /* ChordViewController.swift in Sources */,
				B28267E91D10968000A9ADE2 /* ChordTypePickerViewDelegate.swift in Sources */,
				42BC42EF1D45E38E005B0257 /* ScaleTableViewController.swift in Sources */,
				42920C9E1D4E599000CE1AE0 /* SlideMenuViewController.swift in Sources */,
				420B0D241D55C954009A9829 /* Session.swift in Sources */,
				42BC42E61D43D64D005B0257 /* PianoView.swift in Sources */,
				42BC42E01D43C8C5005B0257 /* ScaleViewController.swift in Sources */,
				423CA02F1D0F976B0005CD4B /* ScaleGenerator.swift in Sources */,
				424D950A1D426DFF00ED7364 /* Dimensions.swift in Sources */,
				42BED9421D5BF514009EBB2F /* SlideMenuTableViewCell.swift in Sources */,
				42E75ACC1D10E61000D9A840 /* Constants.swift in Sources */,
				42B268C61D0E15ED00725499 /* AppDelegate.swift in Sources */,
				42BC42E21D43C8DA005B0257 /* IdentifyViewController.swift in Sources */,
				42BC42ED1D457C67005B0257 /* AKPickerView.swift in Sources */,
				42BED9401D5AC23E009EBB2F /* WrapperViewController.swift in Sources */,
				42CF6B9C1D5EDB9000F6A3E0 /* AudioEngine.swift in Sources */,
				42CF6C631D62CE3900F6A3E0 /* AudioEngineProtocol.swift in Sources */,
				42CF6B9E1D6112AC00F6A3E0 /* NoteOctave.swift in Sources */,
				42E8EA581D204756004757D1 /* Colors.swift in Sources */,
				42BC42E81D453868005B0257 /* PianoNavigationProtocol.swift in Sources */,
				42A6CFF91D137D5E007E956C /* ChordIdentifier.swift in Sources */,
				42920CA01D4E9C6700CE1AE0 /* SettingsViewController.swift in Sources */,
				423CA0271D0F780A0005CD4B /* KeyProperties.swift in Sources */,
				42E8EA5A1D204A2A004757D1 /* Fonts.swift in Sources */,
				42C19D701D3C39E20052D623 /* ChordTableViewCell.swift in Sources */,
				42CF6BA01D61208800F6A3E0 /* NoteOctaveDetector.swift in Sources */,
				B28267ED1D1096AA00A9ADE2 /* ChordTypePickerViewDataSource.swift in Sources */,
				423CA0331D0FB4A20005CD4B /* ChordSelectorViewController.swift in Sources */,
				423CA02D1D0F97500005CD4B /* ChordGenerator.swift in Sources */,
				423AA3411D122BCB009494F1 /* ScaleTypePickerViewDataSource.swift in Sources */,
				42C19D721D3C44650052D623 /* ChordTableViewController.swift in Sources */,
				B28267E71D10965000A9ADE2 /* RootNotePickerViewDelegate.swift in Sources */,
				423CA0251D0F77A80005CD4B /* Note.swift in Sources */,
				B28267EB1D10969A00A9ADE2 /* RootNotePickerViewDataSource.swift in Sources */,
			);
			runOnlyForDeploymentPostprocessing = 0;
		};
/* End PBXSourcesBuildPhase section */

/* Begin PBXVariantGroup section */
		42B268CE1D0E15ED00725499 /* LaunchScreen.storyboard */ = {
			isa = PBXVariantGroup;
			children = (
				42B268CF1D0E15ED00725499 /* Base */,
			);
			name = LaunchScreen.storyboard;
			path = pianopal;
			sourceTree = SOURCE_ROOT;
		};
/* End PBXVariantGroup section */

/* Begin XCBuildConfiguration section */
		42B268E81D0E15ED00725499 /* Debug */ = {
			isa = XCBuildConfiguration;
			buildSettings = {
				ALWAYS_SEARCH_USER_PATHS = NO;
				CLANG_ANALYZER_NONNULL = YES;
				CLANG_CXX_LANGUAGE_STANDARD = "gnu++0x";
				CLANG_CXX_LIBRARY = "libc++";
				CLANG_ENABLE_MODULES = YES;
				CLANG_ENABLE_OBJC_ARC = YES;
				CLANG_WARN_BOOL_CONVERSION = YES;
				CLANG_WARN_CONSTANT_CONVERSION = YES;
				CLANG_WARN_DIRECT_OBJC_ISA_USAGE = YES_ERROR;
				CLANG_WARN_EMPTY_BODY = YES;
				CLANG_WARN_ENUM_CONVERSION = YES;
				CLANG_WARN_INFINITE_RECURSION = YES;
				CLANG_WARN_INT_CONVERSION = YES;
				CLANG_WARN_OBJC_ROOT_CLASS = YES_ERROR;
				CLANG_WARN_SUSPICIOUS_MOVE = YES;
				CLANG_WARN_UNREACHABLE_CODE = YES;
				CLANG_WARN__DUPLICATE_METHOD_MATCH = YES;
				"CODE_SIGN_IDENTITY[sdk=iphoneos*]" = "iPhone Developer";
				COPY_PHASE_STRIP = NO;
				DEBUG_INFORMATION_FORMAT = dwarf;
				ENABLE_STRICT_OBJC_MSGSEND = YES;
				ENABLE_TESTABILITY = YES;
				GCC_C_LANGUAGE_STANDARD = gnu99;
				GCC_DYNAMIC_NO_PIC = NO;
				GCC_NO_COMMON_BLOCKS = YES;
				GCC_OPTIMIZATION_LEVEL = 0;
				GCC_PREPROCESSOR_DEFINITIONS = (
					"DEBUG=1",
					"$(inherited)",
				);
				GCC_WARN_64_TO_32_BIT_CONVERSION = YES;
				GCC_WARN_ABOUT_RETURN_TYPE = YES_ERROR;
				GCC_WARN_UNDECLARED_SELECTOR = YES;
				GCC_WARN_UNINITIALIZED_AUTOS = YES_AGGRESSIVE;
				GCC_WARN_UNUSED_FUNCTION = YES;
				GCC_WARN_UNUSED_VARIABLE = YES;
				IPHONEOS_DEPLOYMENT_TARGET = 9.3;
				MTL_ENABLE_DEBUG_INFO = YES;
				ONLY_ACTIVE_ARCH = YES;
				SDKROOT = iphoneos;
				SWIFT_OPTIMIZATION_LEVEL = "-Onone";
				TARGETED_DEVICE_FAMILY = "1,2";
			};
			name = Debug;
		};
		42B268E91D0E15ED00725499 /* Release */ = {
			isa = XCBuildConfiguration;
			buildSettings = {
				ALWAYS_SEARCH_USER_PATHS = NO;
				CLANG_ANALYZER_NONNULL = YES;
				CLANG_CXX_LANGUAGE_STANDARD = "gnu++0x";
				CLANG_CXX_LIBRARY = "libc++";
				CLANG_ENABLE_MODULES = YES;
				CLANG_ENABLE_OBJC_ARC = YES;
				CLANG_WARN_BOOL_CONVERSION = YES;
				CLANG_WARN_CONSTANT_CONVERSION = YES;
				CLANG_WARN_DIRECT_OBJC_ISA_USAGE = YES_ERROR;
				CLANG_WARN_EMPTY_BODY = YES;
				CLANG_WARN_ENUM_CONVERSION = YES;
				CLANG_WARN_INFINITE_RECURSION = YES;
				CLANG_WARN_INT_CONVERSION = YES;
				CLANG_WARN_OBJC_ROOT_CLASS = YES_ERROR;
				CLANG_WARN_SUSPICIOUS_MOVE = YES;
				CLANG_WARN_UNREACHABLE_CODE = YES;
				CLANG_WARN__DUPLICATE_METHOD_MATCH = YES;
				"CODE_SIGN_IDENTITY[sdk=iphoneos*]" = "iPhone Developer";
				COPY_PHASE_STRIP = NO;
				DEBUG_INFORMATION_FORMAT = "dwarf-with-dsym";
				ENABLE_NS_ASSERTIONS = NO;
				ENABLE_STRICT_OBJC_MSGSEND = YES;
				GCC_C_LANGUAGE_STANDARD = gnu99;
				GCC_NO_COMMON_BLOCKS = YES;
				GCC_WARN_64_TO_32_BIT_CONVERSION = YES;
				GCC_WARN_ABOUT_RETURN_TYPE = YES_ERROR;
				GCC_WARN_UNDECLARED_SELECTOR = YES;
				GCC_WARN_UNINITIALIZED_AUTOS = YES_AGGRESSIVE;
				GCC_WARN_UNUSED_FUNCTION = YES;
				GCC_WARN_UNUSED_VARIABLE = YES;
				IPHONEOS_DEPLOYMENT_TARGET = 9.3;
				MTL_ENABLE_DEBUG_INFO = NO;
				SDKROOT = iphoneos;
				SWIFT_OPTIMIZATION_LEVEL = "-Owholemodule";
				TARGETED_DEVICE_FAMILY = "1,2";
				VALIDATE_PRODUCT = YES;
			};
			name = Release;
		};
		42B268EB1D0E15ED00725499 /* Debug */ = {
			isa = XCBuildConfiguration;
			buildSettings = {
				ASSETCATALOG_COMPILER_APPICON_NAME = AppIcon;
				INFOPLIST_FILE = pianopal/Info.plist;
				LD_RUNPATH_SEARCH_PATHS = "$(inherited) @executable_path/Frameworks";
				LINKER_DISPLAYS_MANGLED_NAMES = NO;
				PRODUCT_BUNDLE_IDENTIFIER = joshua.pianopal;
				PRODUCT_NAME = pianopal;
				SWIFT_VERSION = 3.0;
			};
			name = Debug;
		};
		42B268EC1D0E15ED00725499 /* Release */ = {
			isa = XCBuildConfiguration;
			buildSettings = {
				ASSETCATALOG_COMPILER_APPICON_NAME = AppIcon;
				INFOPLIST_FILE = pianopal/Info.plist;
				LD_RUNPATH_SEARCH_PATHS = "$(inherited) @executable_path/Frameworks";
				LINKER_DISPLAYS_MANGLED_NAMES = NO;
				PRODUCT_BUNDLE_IDENTIFIER = joshua.pianopal;
				PRODUCT_NAME = pianopal;
				SWIFT_VERSION = 3.0;
			};
			name = Release;
		};
/* End XCBuildConfiguration section */

/* Begin XCConfigurationList section */
		42B268BD1D0E15ED00725499 /* Build configuration list for PBXProject "pianopal" */ = {
			isa = XCConfigurationList;
			buildConfigurations = (
				42B268E81D0E15ED00725499 /* Debug */,
				42B268E91D0E15ED00725499 /* Release */,
			);
			defaultConfigurationIsVisible = 0;
			defaultConfigurationName = Release;
		};
		42B268EA1D0E15ED00725499 /* Build configuration list for PBXNativeTarget "pianopal" */ = {
			isa = XCConfigurationList;
			buildConfigurations = (
				42B268EB1D0E15ED00725499 /* Debug */,
				42B268EC1D0E15ED00725499 /* Release */,
			);
			defaultConfigurationIsVisible = 0;
			defaultConfigurationName = Release;
		};
/* End XCConfigurationList section */
	};
	rootObject = 42B268BA1D0E15ED00725499 /* Project object */;
}
